GEM
  remote: https://rubygems.org/
  specs:
    bigdecimal (4.1.3)
    minitest (5.27.0)
    nio4r (2.7.5)
    puma (7.2.1)
      nio4r (~> 2.0)
    rack (3.2.7)
    rack-test (2.2.0)
      rack (>= 1.3)
    rackup (2.3.1)
      rack (>= 3)
    roda (3.108.0)
      rack
    sequel (5.109.0)
      bigdecimal
    sqlite3 (2.9.6-x64-mingw-ucrt)
    sqlite3 (2.9.6-x86_64-linux-gnu)

PLATFORMS
  x64-mingw-ucrt
  x86_64-linux
  x86_64-linux-gnu

DEPENDENCIES
  minitest (~> 5.0)
  puma (~> 7.0)
  rack-test (~> 2.0)
  rackup (~> 2.0)
  roda (~> 3.0)
  sequel (~> 5.0)
  sqlite3 (~> 2.0)

BUNDLED WITH
   2.4.19
